// !$*UTF8*$!
{
	archiveVersion = 1;
	classes = {
	};
	objectVersion = 77;
	objects = {

/* Begin PBXContainerItemProxy section */
		6CAD3AF22EB68B2B00B844FC /* PBXContainerItemProxy */ = {
			isa = PBXContainerItemProxy;
			containerPortal = 6CAD3AD82EB68B2900B844FC /* Project object */;
			proxyType = 1;
			remoteGlobalIDString = 6CAD3ADF2EB68B2900B844FC;
			remoteInfo = FlowLedger;
		};
		6CAD3AFC2EB68B2B00B844FC /* PBXContainerItemProxy */ = {
			isa = PBXContainerItemProxy;
			containerPortal = 6CAD3AD82EB68B2900B844FC /* Project object */;
			proxyType = 1;
			remoteGlobalIDString = 6CAD3ADF2EB68B2900B844FC;
			remoteInfo = FlowLedger;
		};
/* End PBXContainerItemProxy section */

/* Begin PBXFileReference section */
		6CAD3AE02EB68B2900B844FC /* FlowLedger.app */ = {isa = PBXFileReference; explicitFileType = wrapper.application; includeInIndex = 0; path = FlowLedger.app; sourceTree = BUILT_PRODUCTS_DIR; };
		6CAD3AF12EB68B2B00B844FC /* FlowLedgerTests.xctest */ = {isa = PBXFileReference; explicitFileType = wrapper.cfbundle; includeInIndex = 0; path = FlowLedgerTests.xctest; sourceTree = BUILT_PRODUCTS_DIR; };
		6CAD3AFB2EB68B2B00B844FC /* FlowLedgerUITests.xctest */ = {isa = PBXFileReference; explicitFileType = wrapper.cfbundle; includeInIndex = 0; path = FlowLedgerUITests.xctest; sourceTree = BUILT_PRODUCTS_DIR; };
/* End PBXFileReference section */

/* Begin PBXFileSystemSynchronizedBuildFileExceptionSet section */
		6CAD3B032EB68B2B00B844FC /* Exceptions for "FlowLedger" folder in "FlowLedger" target */ = {
			isa = PBXFileSystemSynchronizedBuildFileExceptionSet;
			membershipExceptions = (
				Info.plist,
			);
			target = 6CAD3ADF2EB68B2900B844FC /* FlowLedger */;
		};
/* End PBXFileSystemSynchronizedBuildFileExceptionSet section */

/* Begin PBXFileSystemSynchronizedRootGroup section */
		6CAD3AE22EB68B2900B844FC /* FlowLedger */ = {
			isa = PBXFileSystemSynchronizedRootGroup;
			exceptions = (
				6CAD3B032EB68B2B00B844FC /* Exceptions for "FlowLedger" folder in "FlowLedger" target */,
			);
			path = FlowLedger;
			sourceTree = "<group>";
		};
		6CAD3AF42EB68B2B00B844FC /* FlowLedgerTests */ = {
			isa = PBXFileSystemSynchronizedRootGroup;
			path = FlowLedgerTests;
			sourceTree = "<group>";
		};
		6CAD3AFE2EB68B2B00B844FC /* FlowLedgerUITests */ = {
			isa = PBXFileSystemSynchronizedRootGroup;
			path = FlowLedgerUITests;
			sourceTree = "<group>";
		};
/* End PBXFileSystemSynchronizedRootGroup section */

/* Begin PBXFrameworksBuildPhase section */
		6CAD3ADD2EB68B2900B844FC /* Frameworks */ = {
			isa = PBXFrameworksBuildPhase;
			buildActionMask = 2147483647;
			files = (
			);
			runOnlyForDeploymentPostprocessing = 0;
		};
		6CAD3AEE2EB68B2B00B844FC /* Frameworks */ = {
			isa = PBXFrameworksBuildPhase;
			buildActionMask = 2147483647;
			files = (
			);
			runOnlyForDeploymentPostprocessing = 0;
		};
		6CAD3AF82EB68B2B00B844FC /* Frameworks */ = {
			isa = PBXFrameworksBuildPhase;
			buildActionMask = 2147483647;
			files = (
			);
			runOnlyForDeploymentPostprocessing = 0;
		};
/* End PBXFrameworksBuildPhase section */

/* Begin PBXGroup section */
		6CAD3AD72EB68B2900B844FC = {
			isa = PBXGroup;
			children = (
				6CAD3AE22EB68B2900B844FC /* FlowLedger */,
				6CAD3AF42EB68B2B00B844FC /* FlowLedgerTests */,
				6CAD3AFE2EB68B2B00B844FC /* FlowLedgerUITests */,
				6CAD3AE12EB68B2900B844FC /* Products */,
			);
			sourceTree = "<group>";
		};
		6CAD3AE12EB68B2900B844FC /* Products */ = {
			isa = PBXGroup;
			children = (
				6CAD3AE02EB68B2900B844FC /* FlowLedger.app */,
				6CAD3AF12EB68B2B00B844FC /* FlowLedgerTests.xctest */,
				6CAD3AFB2EB68B2B00B844FC /* FlowLedgerUITests.xctest */,
			);
			name = Products;
			sourceTree = "<group>";
		};
/* End PBXGroup section */

/* Begin PBXNativeTarget section */
		6CAD3ADF2EB68B2900B844FC /* FlowLedger */ = {
			isa = PBXNativeTarget;
			buildConfigurationList = 6CAD3B042EB68B2B00B844FC /* Build configuration list for PBXNativeTarget "FlowLedger" */;
			buildPhases = (
				6CAD3ADC2EB68B2900B844FC /* Sources */,
				6CAD3ADD2EB68B2900B844FC /* Frameworks */,
				6CAD3ADE2EB68B2900B844FC /* Resources */,
			);
			buildRules = (
			);
			dependencies = (
			);
			fileSystemSynchronizedGroups = (
				6CAD3AE22EB68B2900B844FC /* FlowLedger */,
			);
			name = FlowLedger;
			packageProductDependencies = (
			);
			productName = FlowLedger;
			productReference = 6CAD3AE02EB68B2900B844FC /* FlowLedger.app */;
			productType = "com.apple.product-type.application";
		};
		6CAD3AF02EB68B2B00B844FC /* FlowLedgerTests */ = {
			isa = PBXNativeTarget;
			buildConfigurationList = 6CAD3B092EB68B2B00B844FC /* Build configuration list for PBXNativeTarget "FlowLedgerTests" */;
			buildPhases = (
				6CAD3AED2EB68B2B00B844FC /* Sources */,
				6CAD3AEE2EB68B2B00B844FC /* Frameworks */,
				6CAD3AEF2EB68B2B00B844FC /* Resources */,
			);
			buildRules = (
			);
			dependencies = (
				6CAD3AF32EB68B2B00B844FC /* PBXTargetDependency */,
			);
			fileSystemSynchronizedGroups = (
				6CAD3AF42EB68B2B00B844FC /* FlowLedgerTests */,
			);
			name = FlowLedgerTests;
			packageProductDependencies = (
			);
			productName = FlowLedgerTests;
			productReference = 6CAD3AF12EB68B2B00B844FC /* FlowLedgerTests.xctest */;
			productType = "com.apple.product-type.bundle.unit-test";
		};
		6CAD3AFA2EB68B2B00B844FC /* FlowLedgerUITests */ = {
			isa = PBXNativeTarget;
			buildConfigurationList = 6CAD3B0C2EB68B2B00B844FC /* Build configuration list for PBXNativeTarget "FlowLedgerUITests" */;
			buildPhases = (
				6CAD3AF72EB68B2B00B844FC /* Sources */,
				6CAD3AF82EB68B2B00B844FC /* Frameworks */,
				6CAD3AF92EB68B2B00B844FC /* Resources */,
			);
			buildRules = (
			);
			dependencies = (
				6CAD3AFD2EB68B2B00B844FC /* PBXTargetDependency */,
			);
			fileSystemSynchronizedGroups = (
				6CAD3AFE2EB68B2B00B844FC /* FlowLedgerUITests */,
			);
			name = FlowLedgerUITests;
			packageProductDependencies = (
			);
			productName = FlowLedgerUITests;
			productReference = 6CAD3AFB2EB68B2B00B844FC /* FlowLedgerUITests.xctest */;
			productType = "com.apple.product-type.bundle.ui-testing";
		};
/* End PBXNativeTarget section */

/* Begin PBXProject section */
		6CAD3AD82EB68B2900B844FC /* Project object */ = {
			isa = PBXProject;
			attributes = {
				BuildIndependentTargetsInParallel = 1;
				LastSwiftUpdateCheck = 2600;
				LastUpgradeCheck = 2600;
				TargetAttributes = {
					6CAD3ADF2EB68B2900B844FC = {
						CreatedOnToolsVersion = 26.0;
					};
					6CAD3AF02EB68B2B00B844FC = {
						CreatedOnToolsVersion = 26.0;
						TestTargetID = 6CAD3ADF2EB68B2900B844FC;
					};
					6CAD3AFA2EB68B2B00B844FC = {
						CreatedOnToolsVersion = 26.0;
						TestTargetID = 6CAD3ADF2EB68B2900B844FC;
					};
				};
			};
			buildConfigurationList = 6CAD3ADB2EB68B2900B844FC /* Build configuration list for PBXProject "FlowLedger" */;
			developmentRegion = en;
			hasScannedForEncodings = 0;
			knownRegions = (
				en,
				Base,
			);
			mainGroup = 6CAD3AD72EB68B2900B844FC;
			minimizedProjectReferenceProxies = 1;
			preferredProjectObjectVersion = 77;
			productRefGroup = 6CAD3AE12EB68B2900B844FC /* Products */;
			projectDirPath = "";
			projectRoot = "";
			targets = (
				6CAD3ADF2EB68B2900B844FC /* FlowLedger */,
				6CAD3AF02EB68B2B00B844FC /* FlowLedgerTests */,
				6CAD3AFA2EB68B2B00B844FC /* FlowLedgerUITests */,
			);
		};
/* End PBXProject section */

/* Begin PBXResourcesBuildPhase section */
		6CAD3ADE2EB68B2900B844FC /* Resources */ = {
			isa = PBXResourcesBuildPhase;
			buildActionMask = 2147483647;
			files = (
			);
			runOnlyForDeploymentPostprocessing = 0;
		};
		6CAD3AEF2EB68B2B00B844FC /* Resources */ = {
			isa = PBXResourcesBuildPhase;
			buildActionMask = 2147483647;
			files = (
			);
			runOnlyForDeploymentPostprocessing = 0;
		};
		6CAD3AF92EB68B2B00B844FC /* Resources */ = {
			isa = PBXResourcesBuildPhase;
			buildActionMask = 2147483647;
			files = (
			);
			runOnlyForDeploymentPostprocessing = 0;
		};
/* End PBXResourcesBuildPhase section */

/* Begin PBXSourcesBuildPhase section */
		6CAD3ADC2EB68B2900B844FC /* Sources */ = {
			isa = PBXSourcesBuildPhase;
			buildActionMask = 2147483647;
			files = (
			);
			runOnlyForDeploymentPostprocessing = 0;
		};
		6CAD3AED2EB68B2B00B844FC /* Sources */ = {
			isa = PBXSourcesBuildPhase;
			buildActionMask = 2147483647;
			files = (
			);
			runOnlyForDeploymentPostprocessing = 0;
		};
		6CAD3AF72EB68B2B00B844FC /* Sources */ = {
			isa = PBXSourcesBuildPhase;
			buildActionMask = 2147483647;
			files = (
			);
			runOnlyForDeploymentPostprocessing = 0;
		};
/* End PBXSourcesBuildPhase section */

/* Begin PBXTargetDependency section */
		6CAD3AF32EB68B2B00B844FC /* PBXTargetDependency */ = {
			isa = PBXTargetDependency;
			target = 6CAD3ADF2EB68B2900B844FC /* FlowLedger */;
			targetProxy = 6CAD3AF22EB68B2B00B844FC /* PBXContainerItemProxy */;
		};
		6CAD3AFD2EB68B2B00B844FC /* PBXTargetDependency */ = {
			isa = PBXTargetDependency;
			target = 6CAD3ADF2EB68B2900B844FC /* FlowLedger */;
			targetProxy = 6CAD3AFC2EB68B2B00B844FC /* PBXContainerItemProxy */;
		};
/* End PBXTargetDependency section */

/* Begin XCBuildConfiguration section */
		6CAD3B052EB68B2B00B844FC /* Debug */ = {
			isa = XCBuildConfiguration;
			buildSettings = {
				ASSETCATALOG_COMPILER_APPICON_NAME = AppIcon;
				ASSETCATALOG_COMPILER_GLOBAL_ACCENT_COLOR_NAME = AccentColor;
				CODE_SIGN_ENTITLEMENTS = FlowLedger/FlowLedger.entitlements;
				CODE_SIGN_STYLE = Automatic;
				CURRENT_PROJECT_VERSION = 1;
				DEVELOPMENT_TEAM = A3H2F8CC68;
				ENABLE_PREVIEWS = YES;
				GENERATE_INFOPLIST_FILE = YES;
				INFOPLIST_FILE = FlowLedger/Info.plist;
				INFOPLIST_KEY_UIApplicationSceneManifest_Generation = YES;
				INFOPLIST_KEY_UIApplicationSupportsIndirectInputEvents = YES;
				INFOPLIST_KEY_UILaunchScreen_Generation = YES;
				INFOPLIST_KEY_UISupportedInterfaceOrientations_iPad = "UIInterfaceOrientationPortrait UIInterfaceOrientationPortraitUpsideDown UIInterfaceOrientationLandscapeLeft UIInterfaceOrientationLandscapeRight";
				INFOPLIST_KEY_UISupportedInterfaceOrientations_iPhone = "UIInterfaceOrientationPortrait UIInterfaceOrientationLandscapeLeft UIInterfaceOrientationLandscapeRight";
				LD_RUNPATH_SEARCH_PATHS = (
					"$(inherited)",
					"@executable_path/Frameworks",
				);
				MARKETING_VERSION = 1.0;
				PRODUCT_BUNDLE_IDENTIFIER = com.pankajgaikar.FlowLedger;
				PRODUCT_NAME = "$(TARGET_NAME)";
				STRING_CATALOG_GENERATE_SYMBOLS = YES;
				SWIFT_APPROACHABLE_CONCURRENCY = YES;
				SWIFT_DEFAULT_ACTOR_ISOLATION = MainActor;
				SWIFT_EMIT_LOC_STRINGS = YES;
				SWIFT_UPCOMING_FEATURE_MEMBER_IMPORT_VISIBILITY = YES;
				SWIFT_VERSION = 5.0;
				TARGETED_DEVICE_FAMILY = "1,2";
			};
			name = Debug;
		};
		6CAD3B062EB68B2B00B844FC /* Release */ = {
			isa = XCBuildConfiguration;
			buildSettings = {
				ASSETCATALOG_COMPILER_APPICON_NAME = AppIcon;
				ASSETCATALOG_COMPILER_GLOBAL_ACCENT_COLOR_NAME = AccentColor;
				CODE_SIGN_ENTITLEMENTS = FlowLedger/FlowLedger.entitlements;
				CODE_SIGN_STYLE = Automatic;
				CURRENT_PROJECT_VERSION = 1;
				DEVELOPMENT_TEAM = A3H2F8CC68;
				ENABLE_PREVIEWS = YES;
				GENERATE_INFOPLIST_FILE = YES;
				INFOPLIST_FILE = FlowLedger/Info.plist;
				INFOPLIST_KEY_UIApplicationSceneManifest_Generation = YES;
				INFOPLIST_KEY_UIApplicationSupportsIndirectInputEvents = YES;
				INFOPLIST_KEY_UILaunchScreen_Generation = YES;
				INFOPLIST_KEY_UISupportedInterfaceOrientations_iPad = "UIInterfaceOrientationPortrait UIInterfaceOrientationPortraitUpsideDown UIInterfaceOrientationLandscapeLeft UIInterfaceOrientationLandscapeRight";
				INFOPLIST_KEY_UISupportedInterfaceOrientations_iPhone = "UIInterfaceOrientationPortrait UIInterfaceOrientationLandscapeLeft UIInterfaceOrientationLandscapeRight";
				LD_RUNPATH_SEARCH_PATHS = (
					"$(inherited)",
					"@executable_path/Frameworks",
				);
				MARKETING_VERSION = 1.0;
				PRODUCT_BUNDLE_IDENTIFIER = com.pankajgaikar.FlowLedger;
				PRODUCT_NAME = "$(TARGET_NAME)";
				STRING_CATALOG_GENERATE_SYMBOLS = YES;
				SWIFT_APPROACHABLE_CONCURRENCY = YES;
				SWIFT_DEFAULT_ACTOR_ISOLATION = MainActor;
				SWIFT_EMIT_LOC_STRINGS = YES;
				SWIFT_UPCOMING_FEATURE_MEMBER_IMPORT_VISIBILITY = YES;
				SWIFT_VERSION = 5.0;
				TARGETED_DEVICE_FAMILY = "1,2";
			};
			name = Release;
		};
		6CAD3B072EB68B2B00B844FC /* Debug */ = {
			isa = XCBuildConfiguration;
			buildSettings = {
				ALWAYS_SEARCH_USER_PATHS = NO;
				ASSETCATALOG_COMPILER_GENERATE_SWIFT_ASSET_SYMBOL_EXTENSIONS = YES;
				CLANG_ANALYZER_NONNULL = YES;
				CLANG_ANALYZER_NUMBER_OBJECT_CONVERSION = YES_AGGRESSIVE;
				CLANG_CXX_LANGUAGE_STANDARD = "gnu++20";
				CLANG_ENABLE_MODULES = YES;
				CLANG_ENABLE_OBJC_ARC = YES;
				CLANG_ENABLE_OBJC_WEAK = YES;
				CLANG_WARN_BLOCK_CAPTURE_AUTORELEASING = YES;
				CLANG_WARN_BOOL_CONVERSION = YES;
				CLANG_WARN_COMMA = YES;
				CLANG_WARN_CONSTANT_CONVERSION = YES;
				CLANG_WARN_DEPRECATED_OBJC_IMPLEMENTATIONS = YES;
				CLANG_WARN_DIRECT_OBJC_ISA_USAGE = YES_ERROR;
				CLANG_WARN_DOCUMENTATION_COMMENTS = YES;
				CLANG_WARN_EMPTY_BODY = YES;
				CLANG_WARN_ENUM_CONVERSION = YES;
				CLANG_WARN_INFINITE_RECURSION = YES;
				CLANG_WARN_INT_CONVERSION = YES;
				CLANG_WARN_NON_LITERAL_NULL_CONVERSION = YES;
				CLANG_WARN_OBJC_IMPLICIT_RETAIN_SELF = YES;
				CLANG_WARN_OBJC_LITERAL_CONVERSION = YES;
				CLANG_WARN_OBJC_ROOT_CLASS = YES_ERROR;
				CLANG_WARN_QUOTED_INCLUDE_IN_FRAMEWORK_HEADER = YES;
				CLANG_WARN_RANGE_LOOP_ANALYSIS = YES;
				CLANG_WARN_STRICT_PROTOTYPES = YES;
				CLANG_WARN_SUSPICIOUS_MOVE = YES;
				CLANG_WARN_UNGUARDED_AVAILABILITY = YES_AGGRESSIVE;
				CLANG_WARN_UNREACHABLE_CODE = YES;
				CLANG_WARN__DUPLICATE_METHOD_MATCH = YES;
				COPY_PHASE_STRIP = NO;
				DEBUG_INFORMATION_FORMAT = dwarf;
				DEVELOPMENT_TEAM = A3H2F8CC68;
				ENABLE_STRICT_OBJC_MSGSEND = YES;
				ENABLE_TESTABILITY = YES;
				ENABLE_USER_SCRIPT_SANDBOXING = YES;
				GCC_C_LANGUAGE_STANDARD = gnu17;
				GCC_DYNAMIC_NO_PIC = NO;
				GCC_NO_COMMON_BLOCKS = YES;
				GCC_OPTIMIZATION_LEVEL = 0;
				GCC_PREPROCESSOR_DEFINITIONS = (
					"DEBUG=1",
					"$(inherited)",
				);
				GCC_WARN_64_TO_32_BIT_CONVERSION = YES;
				GCC_WARN_ABOUT_RETURN_TYPE = YES_ERROR;
				GCC_WARN_UNDECLARED_SELECTOR = YES;
				GCC_WARN_UNINITIALIZED_AUTOS = YES_AGGRESSIVE;
				GCC_WARN_UNUSED_FUNCTION = YES;
				GCC_WARN_UNUSED_VARIABLE = YES;
				IPHONEOS_DEPLOYMENT_TARGET = 26.0;
				LOCALIZATION_PREFERS_STRING_CATALOGS = YES;
				MTL_ENABLE_DEBUG_INFO = INCLUDE_SOURCE;
				MTL_FAST_MATH = YES;
				ONLY_ACTIVE_ARCH = YES;
				SDKROOT = iphoneos;
				SWIFT_ACTIVE_COMPILATION_CONDITIONS = "DEBUG $(inherited)";
				SWIFT_OPTIMIZATION_LEVEL = "-Onone";
			};
			name = Debug;
		};
		6CAD3B082EB68B2B00B844FC /* Release */ = {
			isa = XCBuildConfiguration;
			buildSettings = {
				ALWAYS_SEARCH_USER_PATHS = NO;
				ASSETCATALOG_COMPILER_GENERATE_SWIFT_ASSET_SYMBOL_EXTENSIONS = YES;
				CLANG_ANALYZER_NONNULL = YES;
				CLANG_ANALYZER_NUMBER_OBJECT_CONVERSION = YES_AGGRESSIVE;
				CLANG_CXX_LANGUAGE_STANDARD = "gnu++20";
				CLANG_ENABLE_MODULES = YES;
				CLANG_ENABLE_OBJC_ARC = YES;
				CLANG_ENABLE_OBJC_WEAK = YES;
				CLANG_WARN_BLOCK_CAPTURE_AUTORELEASING = YES;
				CLANG_WARN_BOOL_CONVERSION = YES;
				CLANG_WARN_COMMA = YES;
				CLANG_WARN_CONSTANT_CONVERSION = YES;
				CLANG_WARN_DEPRECATED_OBJC_IMPLEMENTATIONS = YES;
				CLANG_WARN_DIRECT_OBJC_ISA_USAGE = YES_ERROR;
				CLANG_WARN_DOCUMENTATION_COMMENTS = YES;
				CLANG_WARN_EMPTY_BODY = YES;
				CLANG_WARN_ENUM_CONVERSION = YES;
				CLANG_WARN_INFINITE_RECURSION = YES;
				CLANG_WARN_INT_CONVERSION = YES;
				CLANG_WARN_NON_LITERAL_NULL_CONVERSION = YES;
				CLANG_WARN_OBJC_IMPLICIT_RETAIN_SELF = YES;
				CLANG_WARN_OBJC_LITERAL_CONVERSION = YES;
				CLANG_WARN_OBJC_ROOT_CLASS = YES_ERROR;
				CLANG_WARN_QUOTED_INCLUDE_IN_FRAMEWORK_HEADER = YES;
				CLANG_WARN_RANGE_LOOP_ANALYSIS = YES;
				CLANG_WARN_STRICT_PROTOTYPES = YES;
				CLANG_WARN_SUSPICIOUS_MOVE = YES;
				CLANG_WARN_UNGUARDED_AVAILABILITY = YES_AGGRESSIVE;
				CLANG_WARN_UNREACHABLE_CODE = YES;
				CLANG_WARN__DUPLICATE_METHOD_MATCH = YES;
				COPY_PHASE_STRIP = NO;
				DEBUG_INFORMATION_FORMAT = "dwarf-with-dsym";
				DEVELOPMENT_TEAM = A3H2F8CC68;
				ENABLE_NS_ASSERTIONS = NO;
				ENABLE_STRICT_OBJC_MSGSEND = YES;
				ENABLE_USER_SCRIPT_SANDBOXING = YES;
				GCC_C_LANGUAGE_STANDARD = gnu17;
				GCC_NO_COMMON_BLOCKS = YES;
				GCC_WARN_64_TO_32_BIT_CONVERSION = YES;
				GCC_WARN_ABOUT_RETURN_TYPE = YES_ERROR;
				GCC_WARN_UNDECLARED_SELECTOR = YES;
				GCC_WARN_UNINITIALIZED_AUTOS = YES_AGGRESSIVE;
				GCC_WARN_UNUSED_FUNCTION = YES;
				GCC_WARN_UNUSED_VARIABLE = YES;
				IPHONEOS_DEPLOYMENT_TARGET = 26.0;
				LOCALIZATION_PREFERS_STRING_CATALOGS = YES;
				MTL_ENABLE_DEBUG_INFO = NO;
				MTL_FAST_MATH = YES;
				SDKROOT = iphoneos;
				SWIFT_COMPILATION_MODE = wholemodule;
				VALIDATE_PRODUCT = YES;
			};
			name = Release;
		};
		6CAD3B0A2EB68B2B00B844FC /* Debug */ = {
			isa = XCBuildConfiguration;
			buildSettings = {
				BUNDLE_LOADER = "$(TEST_HOST)";
				CODE_SIGN_STYLE = Automatic;
				CURRENT_PROJECT_VERSION = 1;
				DEVELOPMENT_TEAM = A3H2F8CC68;
				GENERATE_INFOPLIST_FILE = YES;
				IPHONEOS_DEPLOYMENT_TARGET = 26.0;
				MARKETING_VERSION = 1.0;
				PRODUCT_BUNDLE_IDENTIFIER = com.pankajgaikar.FlowLedgerTests;
				PRODUCT_NAME = "$(TARGET_NAME)";
				STRING_CATALOG_GENERATE_SYMBOLS = NO;
				SWIFT_APPROACHABLE_CONCURRENCY = YES;
				SWIFT_EMIT_LOC_STRINGS = NO;
				SWIFT_UPCOMING_FEATURE_MEMBER_IMPORT_VISIBILITY = YES;
				SWIFT_VERSION = 5.0;
				TARGETED_DEVICE_FAMILY = "1,2";
				TEST_HOST = "$(BUILT_PRODUCTS_DIR)/FlowLedger.app/$(BUNDLE_EXECUTABLE_FOLDER_PATH)/FlowLedger";
			};
			name = Debug;
		};
		6CAD3B0B2EB68B2B00B844FC /* Release */ = {
			isa = XCBuildConfiguration;
			buildSettings = {
				BUNDLE_LOADER = "$(TEST_HOST)";
				CODE_SIGN_STYLE = Automatic;
				CURRENT_PROJECT_VERSION = 1;
				DEVELOPMENT_TEAM = A3H2F8CC68;
				GENERATE_INFOPLIST_FILE = YES;
				IPHONEOS_DEPLOYMENT_TARGET = 26.0;
				MARKETING_VERSION = 1.0;
				PRODUCT_BUNDLE_IDENTIFIER = com.pankajgaikar.FlowLedgerTests;
				PRODUCT_NAME = "$(TARGET_NAME)";
				STRING_CATALOG_GENERATE_SYMBOLS = NO;
				SWIFT_APPROACHABLE_CONCURRENCY = YES;
				SWIFT_EMIT_LOC_STRINGS = NO;
				SWIFT_UPCOMING_FEATURE_MEMBER_IMPORT_VISIBILITY = YES;
				SWIFT_VERSION = 5.0;
				TARGETED_DEVICE_FAMILY = "1,2";
				TEST_HOST = "$(BUILT_PRODUCTS_DIR)/FlowLedger.app/$(BUNDLE_EXECUTABLE_FOLDER_PATH)/FlowLedger";
			};
			name = Release;
		};
		6CAD3B0D2EB68B2B00B844FC /* Debug */ = {
			isa = XCBuildConfiguration;
			buildSettings = {
				CODE_SIGN_STYLE = Automatic;
				CURRENT_PROJECT_VERSION = 1;
				DEVELOPMENT_TEAM = A3H2F8CC68;
				GENERATE_INFOPLIST_FILE = YES;
				MARKETING_VERSION = 1.0;
				PRODUCT_BUNDLE_IDENTIFIER = com.pankajgaikar.FlowLedgerUITests;
				PRODUCT_NAME = "$(TARGET_NAME)";
				STRING_CATALOG_GENERATE_SYMBOLS = NO;
				SWIFT_APPROACHABLE_CONCURRENCY = YES;
				SWIFT_EMIT_LOC_STRINGS = NO;
				SWIFT_UPCOMING_FEATURE_MEMBER_IMPORT_VISIBILITY = YES;
				SWIFT_VERSION = 5.0;
				TARGETED_DEVICE_FAMILY = "1,2";
				TEST_TARGET_NAME = FlowLedger;
			};
			name = Debug;
		};
		6CAD3B0E2EB68B2B00B844FC /* Release */ = {
			isa = XCBuildConfiguration;
			buildSettings = {
				CODE_SIGN_STYLE = Automatic;
				CURRENT_PROJECT_VERSION = 1;
				DEVELOPMENT_TEAM = A3H2F8CC68;
				GENERATE_INFOPLIST_FILE = YES;
				MARKETING_VERSION = 1.0;
				PRODUCT_BUNDLE_IDENTIFIER = com.pankajgaikar.FlowLedgerUITests;
				PRODUCT_NAME = "$(TARGET_NAME)";
				STRING_CATALOG_GENERATE_SYMBOLS = NO;
				SWIFT_APPROACHABLE_CONCURRENCY = YES;
				SWIFT_EMIT_LOC_STRINGS = NO;
				SWIFT_UPCOMING_FEATURE_MEMBER_IMPORT_VISIBILITY = YES;
				SWIFT_VERSION = 5.0;
				TARGETED_DEVICE_FAMILY = "1,2";
				TEST_TARGET_NAME = FlowLedger;
			};
			name = Release;
		};
/* End XCBuildConfiguration section */

/* Begin XCConfigurationList section */
		6CAD3ADB2EB68B2900B844FC /* Build configuration list for PBXProject "FlowLedger" */ = {
			isa = XCConfigurationList;
			buildConfigurations = (
				6CAD3B072EB68B2B00B844FC /* Debug */,
				6CAD3B082EB68B2B00B844FC /* Release */,
			);
			defaultConfigurationIsVisible = 0;
			defaultConfigurationName = Release;
		};
		6CAD3B042EB68B2B00B844FC /* Build configuration list for PBXNativeTarget "FlowLedger" */ = {
			isa = XCConfigurationList;
			buildConfigurations = (
				6CAD3B052EB68B2B00B844FC /* Debug */,
				6CAD3B062EB68B2B00B844FC /* Release */,
			);
			defaultConfigurationIsVisible = 0;
			defaultConfigurationName = Release;
		};
		6CAD3B092EB68B2B00B844FC /* Build configuration list for PBXNativeTarget "FlowLedgerTests" */ = {
			isa = XCConfigurationList;
			buildConfigurations = (
				6CAD3B0A2EB68B2B00B844FC /* Debug */,
				6CAD3B0B2EB68B2B00B844FC /* Release */,
			);
			defaultConfigurationIsVisible = 0;
			defaultConfigurationName = Release;
		};
		6CAD3B0C2EB68B2B00B844FC /* Build configuration list for PBXNativeTarget "FlowLedgerUITests" */ = {
			isa = XCConfigurationList;
			buildConfigurations = (
				6CAD3B0D2EB68B2B00B844FC /* Debug */,
				6CAD3B0E2EB68B2B00B844FC /* Release */,
			);
			defaultConfigurationIsVisible = 0;
			defaultConfigurationName = Release;
		};
/* End XCConfigurationList section */
	};
	rootObject = 6CAD3AD82EB68B2900B844FC /* Project object */;
}
